{
  "name": "poetrybot",
  "version": "1.0.0",
  "lockfileVersion": 1,
  "requires": true,
  "dependencies": {
    "js-markov": {
      "version": "3.0.3",
      "resolved": "https://registry.npmjs.org/js-markov/-/js-markov-3.0.3.tgz",
      "integrity": "sha512-UgKhwGn5G2XgPr13VK73ExrMVsZCrr7XbH34mKAD96qwjMg+3w0wgUDeJg6g9YqMhabLElFm3Kr8P5Ej9KKFyg=="
    }
  }
}
